
Microsoft Visual Studio Solution File, Format Version 12.00
# Visual Studio 14
VisualStudioVersion = 14.0.25123.0
MinimumVisualStudioVersion = 10.0.40219.1
Project("{FAE04EC0-301F-11D3-BF4B-00C04F79EFBC}") = "hello World", "hello World\hello World.csproj", "{A3EB009B-89EB-4C19-A66D-6B7AA2DD09FE}"
EndProject
Global
	GlobalSection(SolutionConfigurationPlatforms) = preSolution
		Debug|Any CPU = Debug|Any CPU
		Release|Any CPU = Release|Any CPU
	EndGlobalSection
	GlobalSection(ProjectConfigurationPlatforms) = postSolution
		{A3EB009B-89EB-4C19-A66D-6B7AA2DD09FE}.Debug|Any CPU.ActiveCfg = Debug|Any CPU
		{A3EB009B-89EB-4C19-A66D-6B7AA2DD09FE}.Debug|Any CPU.Build.0 = Debug|Any CPU
		{A3EB009B-89EB-4C19-A66D-6B7AA2DD09FE}.Release|Any CPU.ActiveCfg = Release|Any CPU
		{A3EB009B-89EB-4C19-A66D-6B7AA2DD09FE}.Release|Any CPU.Build.0 = Release|Any CPU
	EndGlobalSection
	GlobalSection(SolutionProperties) = preSolution
		HideSolutionNode = FALSE
	EndGlobalSection
EndGlobal
